
Microsoft Visual Studio Solution File, Format Version 12.00
# Visual Studio Version 17
VisualStudioVersion = 17.8.34511.84
MinimumVisualStudioVersion = 10.0.40219.1
Project("{9A19103F-16F7-4668-BE54-9A1E7A4F7556}") = "Lesson2-BreakoutRoom1", "Lesson1_Revision\Lesson2-BreakoutRoom1.csproj", "{70AB3146-DDB6-4654-BFA2-3C9FE181A7AE}"
EndProject
Project("{9A19103F-16F7-4668-BE54-9A1E7A4F7556}") = "Lesson2-BreakoutRoom2", "BreakoutRoom-Lesson\Lesson2-BreakoutRoom2.csproj", "{251880B2-B470-4C35-B210-C8D4B6560C83}"
EndProject
Project("{9A19103F-16F7-4668-BE54-9A1E7A4F7556}") = "Lesson4", "Lesson4\Lesson4.csproj", "{3E7F13C8-FBD1-4922-9FB1-B8489B09D97C}"
EndProject
Project("{9A19103F-16F7-4668-BE54-9A1E7A4F7556}") = "Lesson2", "Lesson2lecture\Lesson2.csproj", "{5A387E94-9D65-421F-9163-ED7BBBA0D24D}"
EndProject
Project("{9A19103F-16F7-4668-BE54-9A1E7A4F7556}") = "Lesson3", "Lesson3\Lesson3.csproj", "{F2D130DE-4AC4-4C21-B337-243BE0621F69}"
EndProject
Project("{9A19103F-16F7-4668-BE54-9A1E7A4F7556}") = "Lesson3-BreakoutRoom1", "Lesson3-BreakoutRoom1\Lesson3-BreakoutRoom1.csproj", "{44FD6C4F-D880-4999-8CC7-CAE1FF3A21DB}"
EndProject
Project("{9A19103F-16F7-4668-BE54-9A1E7A4F7556}") = "Lesson3-BreakoutRoom2", "Lesson3-BreakoutRoom2\Lesson3-BreakoutRoom2.csproj", "{BE5B199A-5956-4DAB-9F78-05B4D641A331}"
EndProject
Project("{9A19103F-16F7-4668-BE54-9A1E7A4F7556}") = "Lesson4-BreakoutRoom1", "Lesson4-BreakoutRoom1\Lesson4-BreakoutRoom1.csproj", "{108F228D-93BA-4DCA-BD4A-856A621D75D0}"
EndProject
Project("{9A19103F-16F7-4668-BE54-9A1E7A4F7556}") = "Lesson4-BreakoutRoom2", "Lesson4-BreakoutRoom2\Lesson4-BreakoutRoom2.csproj", "{3E798055-46CB-4C99-8D4C-85A458607AC8}"
EndProject
Project("{9A19103F-16F7-4668-BE54-9A1E7A4F7556}") = "Lesson4-Homework", "Lesson4-Homework\Lesson4-Homework.csproj", "{7E64D652-8F2E-46FF-8D87-778A5644A5A1}"
EndProject
Project("{9A19103F-16F7-4668-BE54-9A1E7A4F7556}") = "Lesson5", "Lesson5\Lesson5.csproj", "{97604475-C627-4DDB-B46A-82787458982A}"
EndProject
Project("{9A19103F-16F7-4668-BE54-9A1E7A4F7556}") = "Lesson5-BreakoutRoom1", "Lesson5-BreakoutRoom1\Lesson5-BreakoutRoom1.csproj", "{D81DBBCD-7EB9-48F5-ACAC-3AC422FF8116}"
EndProject
Project("{9A19103F-16F7-4668-BE54-9A1E7A4F7556}") = "Lesson5-Homework", "Lesson5-BreakoutRoom2\Lesson5-Homework.csproj", "{99CBB0E2-DFE2-4653-90D2-9E2D3EE4D909}"
EndProject
Project("{9A19103F-16F7-4668-BE54-9A1E7A4F7556}") = "Lesson7", "Lesson7\Lesson7.csproj", "{F3D4957D-13B5-4DE8-A9AA-841872ED1CCE}"
EndProject
Project("{9A19103F-16F7-4668-BE54-9A1E7A4F7556}") = "Lesson7-Breakoutroom1", "Lesson7-Breakoutroom1\Lesson7-Breakoutroom1.csproj", "{192D56E1-9A28-4B4E-879F-55C02BFDE4C0}"
EndProject
Project("{9A19103F-16F7-4668-BE54-9A1E7A4F7556}") = "Lesson7-Homework", "Lesson7-Breakoutroom2\Lesson7-Homework.csproj", "{E62CC6E9-0471-4642-B47C-576BB55FD03A}"
EndProject
Project("{9A19103F-16F7-4668-BE54-9A1E7A4F7556}") = "Lesson8", "Lesson8\Lesson8.csproj", "{DF0B9AAD-BECD-4DEA-BB3D-377B360D5194}"
EndProject
Project("{9A19103F-16F7-4668-BE54-9A1E7A4F7556}") = "Lesson8-Breakoutroom1", "Lesson8-Breakoutroom1\Lesson8-Breakoutroom1.csproj", "{49D2E253-FA22-4A40-8F55-FE356E097850}"
EndProject
Project("{9A19103F-16F7-4668-BE54-9A1E7A4F7556}") = "Lesson8-Breakoutroom2", "Lesson8-Breakoutroom2\Lesson8-Breakoutroom2.csproj", "{CFA44FEE-7C7B-4A66-B437-96119EBFF1F0}"
EndProject
Project("{FAE04EC0-301F-11D3-BF4B-00C04F79EFBC}") = "Lesson9", "Lesson9\Lesson9.csproj", "{634F5767-4297-4A59-B988-D2784DCCAC67}"
EndProject
Project("{FAE04EC0-301F-11D3-BF4B-00C04F79EFBC}") = "Lesson9-Breakoutroom1", "Lesson9-Breakoutroom1\Lesson9-Breakoutroom1.csproj", "{8F709986-4F56-4923-9F2D-9C8AE43E0541}"
EndProject
Global
	GlobalSection(SolutionConfigurationPlatforms) = preSolution
		Debug|Any CPU = Debug|Any CPU
		Release|Any CPU = Release|Any CPU
	EndGlobalSection
	GlobalSection(ProjectConfigurationPlatforms) = postSolution
		{70AB3146-DDB6-4654-BFA2-3C9FE181A7AE}.Debug|Any CPU.ActiveCfg = Debug|Any CPU
		{70AB3146-DDB6-4654-BFA2-3C9FE181A7AE}.Debug|Any CPU.Build.0 = Debug|Any CPU
		{70AB3146-DDB6-4654-BFA2-3C9FE181A7AE}.Release|Any CPU.ActiveCfg = Release|Any CPU
		{70AB3146-DDB6-4654-BFA2-3C9FE181A7AE}.Release|Any CPU.Build.0 = Release|Any CPU
		{251880B2-B470-4C35-B210-C8D4B6560C83}.Debug|Any CPU.ActiveCfg = Debug|Any CPU
		{251880B2-B470-4C35-B210-C8D4B6560C83}.Debug|Any CPU.Build.0 = Debug|Any CPU
		{251880B2-B470-4C35-B210-C8D4B6560C83}.Release|Any CPU.ActiveCfg = Release|Any CPU
		{251880B2-B470-4C35-B210-C8D4B6560C83}.Release|Any CPU.Build.0 = Release|Any CPU
		{3E7F13C8-FBD1-4922-9FB1-B8489B09D97C}.Debug|Any CPU.ActiveCfg = Debug|Any CPU
		{3E7F13C8-FBD1-4922-9FB1-B8489B09D97C}.Debug|Any CPU.Build.0 = Debug|Any CPU
		{3E7F13C8-FBD1-4922-9FB1-B8489B09D97C}.Release|Any CPU.ActiveCfg = Release|Any CPU
		{3E7F13C8-FBD1-4922-9FB1-B8489B09D97C}.Release|Any CPU.Build.0 = Release|Any CPU
		{5A387E94-9D65-421F-9163-ED7BBBA0D24D}.Debug|Any CPU.ActiveCfg = Debug|Any CPU
		{5A387E94-9D65-421F-9163-ED7BBBA0D24D}.Debug|Any CPU.Build.0 = Debug|Any CPU
		{5A387E94-9D65-421F-9163-ED7BBBA0D24D}.Release|Any CPU.ActiveCfg = Release|Any CPU
		{5A387E94-9D65-421F-9163-ED7BBBA0D24D}.Release|Any CPU.Build.0 = Release|Any CPU
		{F2D130DE-4AC4-4C21-B337-243BE0621F69}.Debug|Any CPU.ActiveCfg = Debug|Any CPU
		{F2D130DE-4AC4-4C21-B337-243BE0621F69}.Debug|Any CPU.Build.0 = Debug|Any CPU
		{F2D130DE-4AC4-4C21-B337-243BE0621F69}.Release|Any CPU.ActiveCfg = Release|Any CPU
		{F2D130DE-4AC4-4C21-B337-243BE0621F69}.Release|Any CPU.Build.0 = Release|Any CPU
		{44FD6C4F-D880-4999-8CC7-CAE1FF3A21DB}.Debug|Any CPU.ActiveCfg = Debug|Any CPU
		{44FD6C4F-D880-4999-8CC7-CAE1FF3A21DB}.Debug|Any CPU.Build.0 = Debug|Any CPU
		{44FD6C4F-D880-4999-8CC7-CAE1FF3A21DB}.Release|Any CPU.ActiveCfg = Release|Any CPU
		{44FD6C4F-D880-4999-8CC7-CAE1FF3A21DB}.Release|Any CPU.Build.0 = Release|Any CPU
		{BE5B199A-5956-4DAB-9F78-05B4D641A331}.Debug|Any CPU.ActiveCfg = Debug|Any CPU
		{BE5B199A-5956-4DAB-9F78-05B4D641A331}.Debug|Any CPU.Build.0 = Debug|Any CPU
		{BE5B199A-5956-4DAB-9F78-05B4D641A331}.Release|Any CPU.ActiveCfg = Release|Any CPU
		{BE5B199A-5956-4DAB-9F78-05B4D641A331}.Release|Any CPU.Build.0 = Release|Any CPU
		{108F228D-93BA-4DCA-BD4A-856A621D75D0}.Debug|Any CPU.ActiveCfg = Debug|Any CPU
		{108F228D-93BA-4DCA-BD4A-856A621D75D0}.Debug|Any CPU.Build.0 = Debug|Any CPU
		{108F228D-93BA-4DCA-BD4A-856A621D75D0}.Release|Any CPU.ActiveCfg = Release|Any CPU
		{108F228D-93BA-4DCA-BD4A-856A621D75D0}.Release|Any CPU.Build.0 = Release|Any CPU
		{3E798055-46CB-4C99-8D4C-85A458607AC8}.Debug|Any CPU.ActiveCfg = Debug|Any CPU
		{3E798055-46CB-4C99-8D4C-85A458607AC8}.Debug|Any CPU.Build.0 = Debug|Any CPU
		{3E798055-46CB-4C99-8D4C-85A458607AC8}.Release|Any CPU.ActiveCfg = Release|Any CPU
		{3E798055-46CB-4C99-8D4C-85A458607AC8}.Release|Any CPU.Build.0 = Release|Any CPU
		{7E64D652-8F2E-46FF-8D87-778A5644A5A1}.Debug|Any CPU.ActiveCfg = Debug|Any CPU
		{7E64D652-8F2E-46FF-8D87-778A5644A5A1}.Debug|Any CPU.Build.0 = Debug|Any CPU
		{7E64D652-8F2E-46FF-8D87-778A5644A5A1}.Release|Any CPU.ActiveCfg = Release|Any CPU
		{7E64D652-8F2E-46FF-8D87-778A5644A5A1}.Release|Any CPU.Build.0 = Release|Any CPU
		{97604475-C627-4DDB-B46A-82787458982A}.Debug|Any CPU.ActiveCfg = Debug|Any CPU
		{97604475-C627-4DDB-B46A-82787458982A}.Debug|Any CPU.Build.0 = Debug|Any CPU
		{97604475-C627-4DDB-B46A-82787458982A}.Release|Any CPU.ActiveCfg = Release|Any CPU
		{97604475-C627-4DDB-B46A-82787458982A}.Release|Any CPU.Build.0 = Release|Any CPU
		{D81DBBCD-7EB9-48F5-ACAC-3AC422FF8116}.Debug|Any CPU.ActiveCfg = Debug|Any CPU
		{D81DBBCD-7EB9-48F5-ACAC-3AC422FF8116}.Debug|Any CPU.Build.0 = Debug|Any CPU
		{D81DBBCD-7EB9-48F5-ACAC-3AC422FF8116}.Release|Any CPU.ActiveCfg = Release|Any CPU
		{D81DBBCD-7EB9-48F5-ACAC-3AC422FF8116}.Release|Any CPU.Build.0 = Release|Any CPU
		{99CBB0E2-DFE2-4653-90D2-9E2D3EE4D909}.Debug|Any CPU.ActiveCfg = Debug|Any CPU
		{99CBB0E2-DFE2-4653-90D2-9E2D3EE4D909}.Debug|Any CPU.Build.0 = Debug|Any CPU
		{99CBB0E2-DFE2-4653-90D2-9E2D3EE4D909}.Release|Any CPU.ActiveCfg = Release|Any CPU
		{99CBB0E2-DFE2-4653-90D2-9E2D3EE4D909}.Release|Any CPU.Build.0 = Release|Any CPU
		{F3D4957D-13B5-4DE8-A9AA-841872ED1CCE}.Debug|Any CPU.ActiveCfg = Debug|Any CPU
		{F3D4957D-13B5-4DE8-A9AA-841872ED1CCE}.Debug|Any CPU.Build.0 = Debug|Any CPU
		{F3D4957D-13B5-4DE8-A9AA-841872ED1CCE}.Release|Any CPU.ActiveCfg = Release|Any CPU
		{F3D4957D-13B5-4DE8-A9AA-841872ED1CCE}.Release|Any CPU.Build.0 = Release|Any CPU
		{192D56E1-9A28-4B4E-879F-55C02BFDE4C0}.Debug|Any CPU.ActiveCfg = Debug|Any CPU
		{192D56E1-9A28-4B4E-879F-55C02BFDE4C0}.Debug|Any CPU.Build.0 = Debug|Any CPU
		{192D56E1-9A28-4B4E-879F-55C02BFDE4C0}.Release|Any CPU.ActiveCfg = Release|Any CPU
		{192D56E1-9A28-4B4E-879F-55C02BFDE4C0}.Release|Any CPU.Build.0 = Release|Any CPU
		{E62CC6E9-0471-4642-B47C-576BB55FD03A}.Debug|Any CPU.ActiveCfg = Debug|Any CPU
		{E62CC6E9-0471-4642-B47C-576BB55FD03A}.Debug|Any CPU.Build.0 = Debug|Any CPU
		{E62CC6E9-0471-4642-B47C-576BB55FD03A}.Release|Any CPU.ActiveCfg = Release|Any CPU
		{E62CC6E9-0471-4642-B47C-576BB55FD03A}.Release|Any CPU.Build.0 = Release|Any CPU
		{DF0B9AAD-BECD-4DEA-BB3D-377B360D5194}.Debug|Any CPU.ActiveCfg = Debug|Any CPU
		{DF0B9AAD-BECD-4DEA-BB3D-377B360D5194}.Debug|Any CPU.Build.0 = Debug|Any CPU
		{DF0B9AAD-BECD-4DEA-BB3D-377B360D5194}.Release|Any CPU.ActiveCfg = Release|Any CPU
		{DF0B9AAD-BECD-4DEA-BB3D-377B360D5194}.Release|Any CPU.Build.0 = Release|Any CPU
		{49D2E253-FA22-4A40-8F55-FE356E097850}.Debug|Any CPU.ActiveCfg = Debug|Any CPU
		{49D2E253-FA22-4A40-8F55-FE356E097850}.Debug|Any CPU.Build.0 = Debug|Any CPU
		{49D2E253-FA22-4A40-8F55-FE356E097850}.Release|Any CPU.ActiveCfg = Release|Any CPU
		{49D2E253-FA22-4A40-8F55-FE356E097850}.Release|Any CPU.Build.0 = Release|Any CPU
		{CFA44FEE-7C7B-4A66-B437-96119EBFF1F0}.Debug|Any CPU.ActiveCfg = Debug|Any CPU
		{CFA44FEE-7C7B-4A66-B437-96119EBFF1F0}.Debug|Any CPU.Build.0 = Debug|Any CPU
		{CFA44FEE-7C7B-4A66-B437-96119EBFF1F0}.Release|Any CPU.ActiveCfg = Release|Any CPU
		{CFA44FEE-7C7B-4A66-B437-96119EBFF1F0}.Release|Any CPU.Build.0 = Release|Any CPU
		{634F5767-4297-4A59-B988-D2784DCCAC67}.Debug|Any CPU.ActiveCfg = Debug|Any CPU
		{634F5767-4297-4A59-B988-D2784DCCAC67}.Debug|Any CPU.Build.0 = Debug|Any CPU
		{634F5767-4297-4A59-B988-D2784DCCAC67}.Release|Any CPU.ActiveCfg = Release|Any CPU
		{634F5767-4297-4A59-B988-D2784DCCAC67}.Release|Any CPU.Build.0 = Release|Any CPU
		{8F709986-4F56-4923-9F2D-9C8AE43E0541}.Debug|Any CPU.ActiveCfg = Debug|Any CPU
		{8F709986-4F56-4923-9F2D-9C8AE43E0541}.Debug|Any CPU.Build.0 = Debug|Any CPU
		{8F709986-4F56-4923-9F2D-9C8AE43E0541}.Release|Any CPU.ActiveCfg = Release|Any CPU
		{8F709986-4F56-4923-9F2D-9C8AE43E0541}.Release|Any CPU.Build.0 = Release|Any CPU
	EndGlobalSection
	GlobalSection(SolutionProperties) = preSolution
		HideSolutionNode = FALSE
	EndGlobalSection
	GlobalSection(ExtensibilityGlobals) = postSolution
		SolutionGuid = {21FDD43F-B64B-4556-9E68-467320AEACA1}
	EndGlobalSection
EndGlobal
